{
  "version": 4,
  "terraform_version": "1.7.4",
  "serial": 49,
  "lineage": "2df0941b-b8e2-2d9f-e537-6c5d462b16f1",
  "outputs": {
    "keyname": {
      "value": "terraform-key",
      "type": "string"
    }
  },
  "resources": [
    {
      "mode": "managed",
      "type": "aws_instance",
      "name": "tf_ec2",
      "provider": "provider[\"registry.terraform.io/hashicorp/aws\"]",
      "instances": [
        {
          "schema_version": 1,
          "attributes": {
            "ami": "ami-080e1f13689e07408",
            "arn": "arn:aws:ec2:us-east-1:794704351189:instance/i-0d6e7f564b541e8a2",
            "associate_public_ip_address": true,
            "availability_zone": "us-east-1c",
            "capacity_reservation_specification": [
              {
                "capacity_reservation_preference": "open",
                "capacity_reservation_target": []
              }
            ],
            "cpu_core_count": 1,
            "cpu_options": [
              {
                "amd_sev_snp": "",
                "core_count": 1,
                "threads_per_core": 1
              }
            ],
            "cpu_threads_per_core": 1,
            "credit_specification": [
              {
                "cpu_credits": "standard"
              }
            ],
            "disable_api_stop": false,
            "disable_api_termination": false,
            "ebs_block_device": [],
            "ebs_optimized": false,
            "enclave_options": [
              {
                "enabled": false
              }
            ],
            "ephemeral_block_device": [],
            "get_password_data": false,
            "hibernation": false,
            "host_id": "",
            "host_resource_group_arn": null,
            "iam_instance_profile": "",
            "id": "i-0d6e7f564b541e8a2",
            "instance_initiated_shutdown_behavior": "stop",
            "instance_lifecycle": "",
            "instance_market_options": [],
            "instance_state": "running",
            "instance_type": "t2.micro",
            "ipv6_address_count": 0,
            "ipv6_addresses": [],
            "key_name": "terraform-key",
            "launch_template": [],
            "maintenance_options": [
              {
                "auto_recovery": "default"
              }
            ],
            "metadata_options": [
              {
                "http_endpoint": "enabled",
                "http_protocol_ipv6": "disabled",
                "http_put_response_hop_limit": 1,
                "http_tokens": "optional",
                "instance_metadata_tags": "disabled"
              }
            ],
            "monitoring": false,
            "network_interface": [],
            "outpost_arn": "",
            "password_data": "",
            "placement_group": "",
            "placement_partition_number": 0,
            "primary_network_interface_id": "eni-0a88f74930c3e7e67",
            "private_dns": "ip-172-31-28-67.ec2.internal",
            "private_dns_name_options": [
              {
                "enable_resource_name_dns_a_record": false,
                "enable_resource_name_dns_aaaa_record": false,
                "hostname_type": "ip-name"
              }
            ],
            "private_ip": "172.31.28.67",
            "public_dns": "ec2-54-90-210-134.compute-1.amazonaws.com",
            "public_ip": "54.90.210.134",
            "root_block_device": [
              {
                "delete_on_termination": true,
                "device_name": "/dev/sda1",
                "encrypted": false,
                "iops": 100,
                "kms_key_id": "",
                "tags": {},
                "tags_all": {},
                "throughput": 0,
                "volume_id": "vol-0bdde3e4e7a30a335",
                "volume_size": 8,
                "volume_type": "gp2"
              }
            ],
            "secondary_private_ips": [],
            "security_groups": [
              "default"
            ],
            "source_dest_check": true,
            "spot_instance_request_id": "",
            "subnet_id": "subnet-092cb8a8bdb416737",
            "tags": null,
            "tags_all": {},
            "tenancy": "default",
            "timeouts": null,
            "user_data": null,
            "user_data_base64": null,
            "user_data_replace_on_change": false,
            "volume_tags": null,
            "vpc_security_group_ids": [
              "sg-07283458732662777"
            ]
          },
          "sensitive_attributes": [],
          "private": "eyJlMmJmYjczMC1lY2FhLTExZTYtOGY4OC0zNDM2M2JjN2M0YzAiOnsiY3JlYXRlIjo2MDAwMDAwMDAwMDAsImRlbGV0ZSI6MTIwMDAwMDAwMDAwMCwicmVhZCI6OTAwMDAwMDAwMDAwLCJ1cGRhdGUiOjYwMDAwMDAwMDAwMH0sInNjaGVtYV92ZXJzaW9uIjoiMSJ9",
          "dependencies": [
            "aws_key_pair.tf_key"
          ]
        }
      ]
    },
    {
      "mode": "managed",
      "type": "aws_key_pair",
      "name": "tf_key",
      "provider": "provider[\"registry.terraform.io/hashicorp/aws\"]",
      "instances": [
        {
          "schema_version": 1,
          "attributes": {
            "arn": "arn:aws:ec2:us-east-1:794704351189:key-pair/terraform-key",
            "fingerprint": "e0:1f:e4:e8:bf:14:b6:0a:b3:d2:08:ef:b0:38:51:ea",
            "id": "terraform-key",
            "key_name": "terraform-key",
            "key_name_prefix": "",
            "key_pair_id": "key-05d2f55dffd69a944",
            "key_type": "rsa",
            "public_key": "ssh-rsa AAAAB3NzaC1yc2EAAAADAQABAAABgQD2u2zmBkN/C7U1JjuFsUgVZmDHfWCJgFJBL02GpprU6EpcIlbQEMAf7QW5v3qBcEE+sos1DrDaRJ5Xtewtcl8SaBUbkyka08WJpF9E2yHdzU8ZHGidSi65kf8VRZvgqQ+E5Zbzhlawa3xOXDfubp6RDmAPJaAKlOFOmYPSp0XIUyYmNSAl+7v8mThDgB6TrrSeqck3LkGoVjK3/DSHkeyng8Q02eBp5AYQGQGos7sA4Ds/YhJYFgPt9TDAmk7gLocjd2Bj2WTEAn+epYD+h978p+1Wc/LfwlBXoeJt06fApEIk7300YhRj9z9zzbZm3Lp7yCU5bW7YvUdzATDHGLiYnjUGu+pOtRgvD/CkwMQ5XpP2T8bsOg/tkNCyddSUDcexmW4pBn9l4lN90i3qtvs2YlauchZx9M2i9GaoW9z2vrPgQ/7qp/OtTvKXBDCbFZiKjxTGi52T9WPpbJwHmQeqxTyymaBeI6xqRGAPWwlLKdjmdBF+uY9NdL6hfXBaYUs= joker@chamankars",
            "tags": null,
            "tags_all": {}
          },
          "sensitive_attributes": [],
          "private": "eyJzY2hlbWFfdmVyc2lvbiI6IjEifQ=="
        }
      ]
    }
  ],
  "check_results": null
}
